
Microsoft Visual Studio Solution File, Format Version 12.00
# Visual Studio 2013
VisualStudioVersion = 12.0.40629.0
MinimumVisualStudioVersion = 10.0.40219.1
Project("{FAE04EC0-301F-11D3-BF4B-00C04F79EFBC}") = "RiichiSharp", "RiichiSharp\RiichiSharp.csproj", "{75B7622A-8BBC-4AFF-9E97-F026EB1B60EC}"
EndProject
Project("{FAE04EC0-301F-11D3-BF4B-00C04F79EFBC}") = "RiichiSharp.Tests", "RiichiSharp.Tests\RiichiSharp.Tests.csproj", "{8E452F61-EBDC-4D3B-9C2A-C899C3855F45}"
EndProject
Project("{2150E333-8FDC-42A3-9474-1A3956D46DE8}") = ".nuget", ".nuget", "{926F86D4-AD08-4343-BB60-17EDF7BA924E}"
	ProjectSection(SolutionItems) = preProject
		.nuget\NuGet.Config = .nuget\NuGet.Config
		.nuget\NuGet.exe = .nuget\NuGet.exe
		.nuget\NuGet.targets = .nuget\NuGet.targets
	EndProjectSection
EndProject
Global
	GlobalSection(SolutionConfigurationPlatforms) = preSolution
		Debug|Any CPU = Debug|Any CPU
		Release|Any CPU = Release|Any CPU
	EndGlobalSection
	GlobalSection(ProjectConfigurationPlatforms) = postSolution
		{75B7622A-8BBC-4AFF-9E97-F026EB1B60EC}.Debug|Any CPU.ActiveCfg = Debug|Any CPU
		{75B7622A-8BBC-4AFF-9E97-F026EB1B60EC}.Debug|Any CPU.Build.0 = Debug|Any CPU
		{75B7622A-8BBC-4AFF-9E97-F026EB1B60EC}.Release|Any CPU.ActiveCfg = Release|Any CPU
		{75B7622A-8BBC-4AFF-9E97-F026EB1B60EC}.Release|Any CPU.Build.0 = Release|Any CPU
		{8E452F61-EBDC-4D3B-9C2A-C899C3855F45}.Debug|Any CPU.ActiveCfg = Debug|Any CPU
		{8E452F61-EBDC-4D3B-9C2A-C899C3855F45}.Debug|Any CPU.Build.0 = Debug|Any CPU
		{8E452F61-EBDC-4D3B-9C2A-C899C3855F45}.Release|Any CPU.ActiveCfg = Release|Any CPU
		{8E452F61-EBDC-4D3B-9C2A-C899C3855F45}.Release|Any CPU.Build.0 = Release|Any CPU
	EndGlobalSection
	GlobalSection(SolutionProperties) = preSolution
		HideSolutionNode = FALSE
	EndGlobalSection
EndGlobal
